// !$*UTF8*$!
{
	archiveVersion = 1;
	classes = {
	};
	objectVersion = 50;
	objects = {

/* Begin PBXBuildFile section */
		42012E072227315B001F5F4F /* Sentry.framework in Embed Frameworks */ = {isa = PBXBuildFile; fileRef = 42012E0422273159001F5F4F /* Sentry.framework */; settings = {ATTRIBUTES = (CodeSignOnCopy, RemoveHeadersOnCopy, ); }; };
		421FDA0A21F513EB004BDB68 /* Defaults.swift in Sources */ = {isa = PBXBuildFile; fileRef = 421FDA0921F513EB004BDB68 /* Defaults.swift */; };
		423945A422289DA80018B53A /* Security.framework in Frameworks */ = {isa = PBXBuildFile; fileRef = 423945A322289DA80018B53A /* Security.framework */; };
		423D94F6224C1DED0079CEFE /* gen_cert.sh in Resources */ = {isa = PBXBuildFile; fileRef = 423D94ED224C1DED0079CEFE /* gen_cert.sh */; };
		423D94FA224C1DED0079CEFE /* joof.csr.conf in Resources */ = {isa = PBXBuildFile; fileRef = 423D94F1224C1DED0079CEFE /* joof.csr.conf */; };
		423D94FE224C1DED0079CEFE /* v3.ext in Resources */ = {isa = PBXBuildFile; fileRef = 423D94F5224C1DED0079CEFE /* v3.ext */; };
		423D9500224C2CC00079CEFE /* rootCA.csr.conf in Resources */ = {isa = PBXBuildFile; fileRef = 423D94FF224C2B440079CEFE /* rootCA.csr.conf */; };
		425A177721EFC86600C57D44 /* Joof.entitlements in Resources */ = {isa = PBXBuildFile; fileRef = 425A177621EFC86600C57D44 /* Joof.entitlements */; };
		425A177921EFC86600C57D44 /* AppDelegate.swift in Sources */ = {isa = PBXBuildFile; fileRef = 425A177821EFC86600C57D44 /* AppDelegate.swift */; };
		425A177C21EFC86600C57D44 /* Main.storyboard in Resources */ = {isa = PBXBuildFile; fileRef = 425A177A21EFC86600C57D44 /* Main.storyboard */; };
		425A178021EFC86700C57D44 /* Assets.xcassets in Resources */ = {isa = PBXBuildFile; fileRef = 425A177F21EFC86700C57D44 /* Assets.xcassets */; };
		425A178B21EFC86700C57D44 /* JoofTests.swift in Sources */ = {isa = PBXBuildFile; fileRef = 425A178A21EFC86700C57D44 /* JoofTests.swift */; };
		425A179621EFC86700C57D44 /* JoofUITests.swift in Sources */ = {isa = PBXBuildFile; fileRef = 425A179521EFC86700C57D44 /* JoofUITests.swift */; };
		425A179D21EFC86700C57D44 /* Joof.appex in Embed App Extensions */ = {isa = PBXBuildFile; fileRef = 425A179C21EFC86700C57D44 /* Joof.appex */; settings = {ATTRIBUTES = (RemoveHeadersOnCopy, ); }; };
		425A17A221EFC86700C57D44 /* Cocoa.framework in Frameworks */ = {isa = PBXBuildFile; fileRef = 425A17A121EFC86700C57D44 /* Cocoa.framework */; };
		425A17A521EFC86700C57D44 /* SafariExtensionHandler.swift in Sources */ = {isa = PBXBuildFile; fileRef = 425A17A421EFC86700C57D44 /* SafariExtensionHandler.swift */; };
		425A17AD21EFC86700C57D44 /* script.js in Resources */ = {isa = PBXBuildFile; fileRef = 425A17AC21EFC86700C57D44 /* script.js */; };
		425A17CA21EFD54F00C57D44 /* global.js in Resources */ = {isa = PBXBuildFile; fileRef = 425A17C921EFD54F00C57D44 /* global.js */; };
		425A17CE21F0875300C57D44 /* Store.swift in Sources */ = {isa = PBXBuildFile; fileRef = 425A17CD21F0875300C57D44 /* Store.swift */; };
		425A17D021F08BED00C57D44 /* Taste.swift in Sources */ = {isa = PBXBuildFile; fileRef = 425A17CF21F08BED00C57D44 /* Taste.swift */; };
		425A17E121F138F000C57D44 /* Criollo.framework in Embed Frameworks */ = {isa = PBXBuildFile; fileRef = 425A17DE21F138E200C57D44 /* Criollo.framework */; settings = {ATTRIBUTES = (CodeSignOnCopy, RemoveHeadersOnCopy, ); }; };
		425A17EC21F1C1AF00C57D44 /* Server.swift in Sources */ = {isa = PBXBuildFile; fileRef = 425A17EB21F1C1AF00C57D44 /* Server.swift */; };
		425A17F021F1DAC500C57D44 /* Regex.framework in Embed Frameworks */ = {isa = PBXBuildFile; fileRef = 425A17ED21F1DABD00C57D44 /* Regex.framework */; settings = {ATTRIBUTES = (CodeSignOnCopy, RemoveHeadersOnCopy, ); }; };
		425A17F821F1F6BF00C57D44 /* StatusLightView.swift in Sources */ = {isa = PBXBuildFile; fileRef = 425A17F721F1F6BF00C57D44 /* StatusLightView.swift */; };
		42690B5B2216019100DF8AB3 /* JoofCertificate.swift in Sources */ = {isa = PBXBuildFile; fileRef = 42690B5A2216019100DF8AB3 /* JoofCertificate.swift */; };
		42690B5F2216AC7C00DF8AB3 /* ToolbarItemIcon.pdf in Resources */ = {isa = PBXBuildFile; fileRef = 42690B5E2216AC7C00DF8AB3 /* ToolbarItemIcon.pdf */; };
		42690B612216CCC400DF8AB3 /* index.html in Resources */ = {isa = PBXBuildFile; fileRef = 42690B602216CCC400DF8AB3 /* index.html */; };
		42690B642216D0A300DF8AB3 /* favicon.png in Resources */ = {isa = PBXBuildFile; fileRef = 42690B622216D0A300DF8AB3 /* favicon.png */; };
		42690B652216D0A300DF8AB3 /* favicon.ico in Resources */ = {isa = PBXBuildFile; fileRef = 42690B632216D0A300DF8AB3 /* favicon.ico */; };
		429543E121F27387007EBAF3 /* Bookmark.swift in Sources */ = {isa = PBXBuildFile; fileRef = 429543E021F27387007EBAF3 /* Bookmark.swift */; };
		429543EB21F50D22007EBAF3 /* Defaults.framework in Embed Frameworks */ = {isa = PBXBuildFile; fileRef = 429543E721F50D15007EBAF3 /* Defaults.framework */; settings = {ATTRIBUTES = (CodeSignOnCopy, RemoveHeadersOnCopy, ); }; };
		429543ED21F50D22007EBAF3 /* Preferences.framework in Embed Frameworks */ = {isa = PBXBuildFile; fileRef = 429543E621F50D15007EBAF3 /* Preferences.framework */; settings = {ATTRIBUTES = (CodeSignOnCopy, RemoveHeadersOnCopy, ); }; };
		429543EF21F50D4F007EBAF3 /* GeneralPreferencesViewController.swift in Sources */ = {isa = PBXBuildFile; fileRef = 429543EE21F50D4F007EBAF3 /* GeneralPreferencesViewController.swift */; };
		429543F321F51225007EBAF3 /* GeneralPreferencesViewController.xib in Resources */ = {isa = PBXBuildFile; fileRef = 429543F221F51225007EBAF3 /* GeneralPreferencesViewController.xib */; };
		42E5023A2217501E009A6253 /* LaunchAtLogin.framework in Embed Frameworks */ = {isa = PBXBuildFile; fileRef = 42E5023722175015009A6253 /* LaunchAtLogin.framework */; settings = {ATTRIBUTES = (CodeSignOnCopy, RemoveHeadersOnCopy, ); }; };
/* End PBXBuildFile section */

/* Begin PBXContainerItemProxy section */
		425A178721EFC86700C57D44 /* PBXContainerItemProxy */ = {
			isa = PBXContainerItemProxy;
			containerPortal = 425A176B21EFC86500C57D44 /* Project object */;
			proxyType = 1;
			remoteGlobalIDString = 425A177221EFC86500C57D44;
			remoteInfo = Joof;
		};
		425A179221EFC86700C57D44 /* PBXContainerItemProxy */ = {
			isa = PBXContainerItemProxy;
			containerPortal = 425A176B21EFC86500C57D44 /* Project object */;
			proxyType = 1;
			remoteGlobalIDString = 425A177221EFC86500C57D44;
			remoteInfo = Joof;
		};
		425A179E21EFC86700C57D44 /* PBXContainerItemProxy */ = {
			isa = PBXContainerItemProxy;
			containerPortal = 425A176B21EFC86500C57D44 /* Project object */;
			proxyType = 1;
			remoteGlobalIDString = 425A179B21EFC86700C57D44;
			remoteInfo = "Joof Extension";
		};
/* End PBXContainerItemProxy section */

/* Begin PBXCopyFilesBuildPhase section */
		425A17B621EFC86700C57D44 /* Embed App Extensions */ = {
			isa = PBXCopyFilesBuildPhase;
			buildActionMask = 2147483647;
			dstPath = "";
			dstSubfolderSpec = 13;
			files = (
				425A179D21EFC86700C57D44 /* Joof.appex in Embed App Extensions */,
			);
			name = "Embed App Extensions";
			runOnlyForDeploymentPostprocessing = 0;
		};
		425A17D521F0CCD000C57D44 /* Embed Frameworks */ = {
			isa = PBXCopyFilesBuildPhase;
			buildActionMask = 2147483647;
			dstPath = "";
			dstSubfolderSpec = 10;
			files = (
				425A17E121F138F000C57D44 /* Criollo.framework in Embed Frameworks */,
				42012E072227315B001F5F4F /* Sentry.framework in Embed Frameworks */,
				425A17F021F1DAC500C57D44 /* Regex.framework in Embed Frameworks */,
				42E5023A2217501E009A6253 /* LaunchAtLogin.framework in Embed Frameworks */,
				429543EB21F50D22007EBAF3 /* Defaults.framework in Embed Frameworks */,
				429543ED21F50D22007EBAF3 /* Preferences.framework in Embed Frameworks */,
			);
			name = "Embed Frameworks";
			runOnlyForDeploymentPostprocessing = 0;
		};
/* End PBXCopyFilesBuildPhase section */

/* Begin PBXFileReference section */
		42012E0422273159001F5F4F /* Sentry.framework */ = {isa = PBXFileReference; lastKnownFileType = wrapper.framework; name = Sentry.framework; path = Carthage/Build/Mac/Sentry.framework; sourceTree = "<group>"; };
		421FDA0921F513EB004BDB68 /* Defaults.swift */ = {isa = PBXFileReference; lastKnownFileType = sourcecode.swift; path = Defaults.swift; sourceTree = "<group>"; };
		423945A322289DA80018B53A /* Security.framework */ = {isa = PBXFileReference; lastKnownFileType = wrapper.framework; name = Security.framework; path = System/Library/Frameworks/Security.framework; sourceTree = SDKROOT; };
		423D94ED224C1DED0079CEFE /* gen_cert.sh */ = {isa = PBXFileReference; fileEncoding = 4; lastKnownFileType = text.script.sh; path = gen_cert.sh; sourceTree = "<group>"; };
		423D94F1224C1DED0079CEFE /* joof.csr.conf */ = {isa = PBXFileReference; fileEncoding = 4; lastKnownFileType = text; path = joof.csr.conf; sourceTree = "<group>"; };
		423D94F5224C1DED0079CEFE /* v3.ext */ = {isa = PBXFileReference; fileEncoding = 4; lastKnownFileType = text; path = v3.ext; sourceTree = "<group>"; };
		423D94FF224C2B440079CEFE /* rootCA.csr.conf */ = {isa = PBXFileReference; lastKnownFileType = text; path = rootCA.csr.conf; sourceTree = "<group>"; };
		425A177321EFC86500C57D44 /* Joof.app */ = {isa = PBXFileReference; explicitFileType = wrapper.application; includeInIndex = 0; path = Joof.app; sourceTree = BUILT_PRODUCTS_DIR; };
		425A177621EFC86600C57D44 /* Joof.entitlements */ = {isa = PBXFileReference; lastKnownFileType = text.plist.entitlements; path = Joof.entitlements; sourceTree = "<group>"; };
		425A177821EFC86600C57D44 /* AppDelegate.swift */ = {isa = PBXFileReference; lastKnownFileType = sourcecode.swift; path = AppDelegate.swift; sourceTree = "<group>"; };
		425A177B21EFC86600C57D44 /* Base */ = {isa = PBXFileReference; lastKnownFileType = file.storyboard; name = Base; path = Base.lproj/Main.storyboard; sourceTree = "<group>"; };
		425A177F21EFC86700C57D44 /* Assets.xcassets */ = {isa = PBXFileReference; lastKnownFileType = folder.assetcatalog; path = Assets.xcassets; sourceTree = "<group>"; };
		425A178121EFC86700C57D44 /* Info.plist */ = {isa = PBXFileReference; lastKnownFileType = text.plist.xml; path = Info.plist; sourceTree = "<group>"; };
		425A178621EFC86700C57D44 /* JoofTests.xctest */ = {isa = PBXFileReference; explicitFileType = wrapper.cfbundle; includeInIndex = 0; path = JoofTests.xctest; sourceTree = BUILT_PRODUCTS_DIR; };
		425A178A21EFC86700C57D44 /* JoofTests.swift */ = {isa = PBXFileReference; lastKnownFileType = sourcecode.swift; path = JoofTests.swift; sourceTree = "<group>"; };
		425A178C21EFC86700C57D44 /* Info.plist */ = {isa = PBXFileReference; lastKnownFileType = text.plist.xml; path = Info.plist; sourceTree = "<group>"; };
		425A179121EFC86700C57D44 /* JoofUITests.xctest */ = {isa = PBXFileReference; explicitFileType = wrapper.cfbundle; includeInIndex = 0; path = JoofUITests.xctest; sourceTree = BUILT_PRODUCTS_DIR; };
		425A179521EFC86700C57D44 /* JoofUITests.swift */ = {isa = PBXFileReference; lastKnownFileType = sourcecode.swift; path = JoofUITests.swift; sourceTree = "<group>"; };
		425A179721EFC86700C57D44 /* Info.plist */ = {isa = PBXFileReference; lastKnownFileType = text.plist.xml; path = Info.plist; sourceTree = "<group>"; };
		425A179C21EFC86700C57D44 /* Joof.appex */ = {isa = PBXFileReference; explicitFileType = "wrapper.app-extension"; includeInIndex = 0; path = Joof.appex; sourceTree = BUILT_PRODUCTS_DIR; };
		425A17A121EFC86700C57D44 /* Cocoa.framework */ = {isa = PBXFileReference; lastKnownFileType = wrapper.framework; name = Cocoa.framework; path = System/Library/Frameworks/Cocoa.framework; sourceTree = SDKROOT; };
		425A17A421EFC86700C57D44 /* SafariExtensionHandler.swift */ = {isa = PBXFileReference; lastKnownFileType = sourcecode.swift; path = SafariExtensionHandler.swift; sourceTree = "<group>"; };
		425A17AB21EFC86700C57D44 /* Info.plist */ = {isa = PBXFileReference; lastKnownFileType = text.plist.xml; path = Info.plist; sourceTree = "<group>"; };
		425A17AC21EFC86700C57D44 /* script.js */ = {isa = PBXFileReference; lastKnownFileType = sourcecode.javascript; path = script.js; sourceTree = "<group>"; };
		425A17B021EFC86700C57D44 /* Joof_Extension.entitlements */ = {isa = PBXFileReference; lastKnownFileType = text.plist.entitlements; path = Joof_Extension.entitlements; sourceTree = "<group>"; };
		425A17C921EFD54F00C57D44 /* global.js */ = {isa = PBXFileReference; lastKnownFileType = sourcecode.javascript; path = global.js; sourceTree = "<group>"; };
		425A17CD21F0875300C57D44 /* Store.swift */ = {isa = PBXFileReference; lastKnownFileType = sourcecode.swift; path = Store.swift; sourceTree = "<group>"; };
		425A17CF21F08BED00C57D44 /* Taste.swift */ = {isa = PBXFileReference; lastKnownFileType = sourcecode.swift; path = Taste.swift; sourceTree = "<group>"; };
		425A17DE21F138E200C57D44 /* Criollo.framework */ = {isa = PBXFileReference; lastKnownFileType = wrapper.framework; name = Criollo.framework; path = Carthage/Build/Mac/Criollo.framework; sourceTree = "<group>"; };
		425A17EB21F1C1AF00C57D44 /* Server.swift */ = {isa = PBXFileReference; lastKnownFileType = sourcecode.swift; path = Server.swift; sourceTree = "<group>"; };
		425A17ED21F1DABD00C57D44 /* Regex.framework */ = {isa = PBXFileReference; lastKnownFileType = wrapper.framework; name = Regex.framework; path = Carthage/Build/Mac/Regex.framework; sourceTree = "<group>"; };
		425A17F721F1F6BF00C57D44 /* StatusLightView.swift */ = {isa = PBXFileReference; fileEncoding = 4; lastKnownFileType = sourcecode.swift; path = StatusLightView.swift; sourceTree = "<group>"; };
		42690B5A2216019100DF8AB3 /* JoofCertificate.swift */ = {isa = PBXFileReference; lastKnownFileType = sourcecode.swift; path = JoofCertificate.swift; sourceTree = "<group>"; };
		42690B5E2216AC7C00DF8AB3 /* ToolbarItemIcon.pdf */ = {isa = PBXFileReference; lastKnownFileType = image.pdf; path = ToolbarItemIcon.pdf; sourceTree = "<group>"; };
		42690B602216CCC400DF8AB3 /* index.html */ = {isa = PBXFileReference; fileEncoding = 4; lastKnownFileType = text.html; path = index.html; sourceTree = "<group>"; };
		42690B622216D0A300DF8AB3 /* favicon.png */ = {isa = PBXFileReference; lastKnownFileType = image.png; path = favicon.png; sourceTree = "<group>"; };
		42690B632216D0A300DF8AB3 /* favicon.ico */ = {isa = PBXFileReference; lastKnownFileType = image.ico; path = favicon.ico; sourceTree = "<group>"; };
		429543E021F27387007EBAF3 /* Bookmark.swift */ = {isa = PBXFileReference; lastKnownFileType = sourcecode.swift; path = Bookmark.swift; sourceTree = "<group>"; };
		429543E621F50D15007EBAF3 /* Preferences.framework */ = {isa = PBXFileReference; lastKnownFileType = wrapper.framework; name = Preferences.framework; path = Carthage/Build/Mac/Preferences.framework; sourceTree = "<group>"; };
		429543E721F50D15007EBAF3 /* Defaults.framework */ = {isa = PBXFileReference; lastKnownFileType = wrapper.framework; name = Defaults.framework; path = Carthage/Build/Mac/Defaults.framework; sourceTree = "<group>"; };
		429543EE21F50D4F007EBAF3 /* GeneralPreferencesViewController.swift */ = {isa = PBXFileReference; lastKnownFileType = sourcecode.swift; path = GeneralPreferencesViewController.swift; sourceTree = "<group>"; };
		429543F221F51225007EBAF3 /* GeneralPreferencesViewController.xib */ = {isa = PBXFileReference; lastKnownFileType = file.xib; path = GeneralPreferencesViewController.xib; sourceTree = "<group>"; };
		42E5023722175015009A6253 /* LaunchAtLogin.framework */ = {isa = PBXFileReference; lastKnownFileType = wrapper.framework; name = LaunchAtLogin.framework; path = Carthage/Build/Mac/LaunchAtLogin.framework; sourceTree = "<group>"; };
/* End PBXFileReference section */

/* Begin PBXFrameworksBuildPhase section */
		425A177021EFC86500C57D44 /* Frameworks */ = {
			isa = PBXFrameworksBuildPhase;
			buildActionMask = 2147483647;
			files = (
				423945A422289DA80018B53A /* Security.framework in Frameworks */,
			);
			runOnlyForDeploymentPostprocessing = 0;
		};
		425A178321EFC86700C57D44 /* Frameworks */ = {
			isa = PBXFrameworksBuildPhase;
			buildActionMask = 2147483647;
			files = (
			);
			runOnlyForDeploymentPostprocessing = 0;
		};
		425A178E21EFC86700C57D44 /* Frameworks */ = {
			isa = PBXFrameworksBuildPhase;
			buildActionMask = 2147483647;
			files = (
			);
			runOnlyForDeploymentPostprocessing = 0;
		};
		425A179921EFC86700C57D44 /* Frameworks */ = {
			isa = PBXFrameworksBuildPhase;
			buildActionMask = 2147483647;
			files = (
				425A17A221EFC86700C57D44 /* Cocoa.framework in Frameworks */,
			);
			runOnlyForDeploymentPostprocessing = 0;
		};
/* End PBXFrameworksBuildPhase section */

/* Begin PBXGroup section */
		423D94EC224C1DED0079CEFE /* SSL */ = {
			isa = PBXGroup;
			children = (
				423D94ED224C1DED0079CEFE /* gen_cert.sh */,
				423D94F1224C1DED0079CEFE /* joof.csr.conf */,
				423D94FF224C2B440079CEFE /* rootCA.csr.conf */,
				423D94F5224C1DED0079CEFE /* v3.ext */,
			);
			path = SSL;
			sourceTree = "<group>";
		};
		425A176A21EFC86500C57D44 = {
			isa = PBXGroup;
			children = (
				425A177521EFC86500C57D44 /* Joof */,
				425A178921EFC86700C57D44 /* JoofTests */,
				425A179421EFC86700C57D44 /* JoofUITests */,
				425A17A321EFC86700C57D44 /* Joof Extension */,
				425A17A021EFC86700C57D44 /* Frameworks */,
				425A177421EFC86500C57D44 /* Products */,
			);
			sourceTree = "<group>";
		};
		425A177421EFC86500C57D44 /* Products */ = {
			isa = PBXGroup;
			children = (
				425A177321EFC86500C57D44 /* Joof.app */,
				425A178621EFC86700C57D44 /* JoofTests.xctest */,
				425A179121EFC86700C57D44 /* JoofUITests.xctest */,
				425A179C21EFC86700C57D44 /* Joof.appex */,
			);
			name = Products;
			sourceTree = "<group>";
		};
		425A177521EFC86500C57D44 /* Joof */ = {
			isa = PBXGroup;
			children = (
				42ADBA382229664000F39D4C /* Meta */,
				425A177821EFC86600C57D44 /* AppDelegate.swift */,
				425A177F21EFC86700C57D44 /* Assets.xcassets */,
				429543E021F27387007EBAF3 /* Bookmark.swift */,
				421FDA0921F513EB004BDB68 /* Defaults.swift */,
				429543EE21F50D4F007EBAF3 /* GeneralPreferencesViewController.swift */,
				429543F221F51225007EBAF3 /* GeneralPreferencesViewController.xib */,
				42690B5A2216019100DF8AB3 /* JoofCertificate.swift */,
				425A177A21EFC86600C57D44 /* Main.storyboard */,
				425A17EB21F1C1AF00C57D44 /* Server.swift */,
				42ADBA36222965F600F39D4C /* Static */,
				425A17F721F1F6BF00C57D44 /* StatusLightView.swift */,
				425A17CD21F0875300C57D44 /* Store.swift */,
				425A17CF21F08BED00C57D44 /* Taste.swift */,
				423D94EC224C1DED0079CEFE /* SSL */,
			);
			path = Joof;
			sourceTree = "<group>";
		};
		425A178921EFC86700C57D44 /* JoofTests */ = {
			isa = PBXGroup;
			children = (
				425A17C821EFD53500C57D44 /* Fixtures */,
				425A178A21EFC86700C57D44 /* JoofTests.swift */,
				425A178C21EFC86700C57D44 /* Info.plist */,
			);
			path = JoofTests;
			sourceTree = "<group>";
		};
		425A179421EFC86700C57D44 /* JoofUITests */ = {
			isa = PBXGroup;
			children = (
				425A179521EFC86700C57D44 /* JoofUITests.swift */,
				425A179721EFC86700C57D44 /* Info.plist */,
			);
			path = JoofUITests;
			sourceTree = "<group>";
		};
		425A17A021EFC86700C57D44 /* Frameworks */ = {
			isa = PBXGroup;
			children = (
				423945A322289DA80018B53A /* Security.framework */,
				42012E0422273159001F5F4F /* Sentry.framework */,
				42E5023722175015009A6253 /* LaunchAtLogin.framework */,
				429543E721F50D15007EBAF3 /* Defaults.framework */,
				429543E621F50D15007EBAF3 /* Preferences.framework */,
				425A17ED21F1DABD00C57D44 /* Regex.framework */,
				425A17DE21F138E200C57D44 /* Criollo.framework */,
				425A17A121EFC86700C57D44 /* Cocoa.framework */,
			);
			name = Frameworks;
			sourceTree = "<group>";
		};
		425A17A321EFC86700C57D44 /* Joof Extension */ = {
			isa = PBXGroup;
			children = (
				425A17A421EFC86700C57D44 /* SafariExtensionHandler.swift */,
				425A17AB21EFC86700C57D44 /* Info.plist */,
				425A17AC21EFC86700C57D44 /* script.js */,
				42690B5E2216AC7C00DF8AB3 /* ToolbarItemIcon.pdf */,
				425A17B021EFC86700C57D44 /* Joof_Extension.entitlements */,
			);
			path = "Joof Extension";
			sourceTree = "<group>";
		};
		425A17C821EFD53500C57D44 /* Fixtures */ = {
			isa = PBXGroup;
			children = (
				425A17C921EFD54F00C57D44 /* global.js */,
			);
			path = Fixtures;
			sourceTree = "<group>";
		};
		42ADBA36222965F600F39D4C /* Static */ = {
			isa = PBXGroup;
			children = (
				42690B632216D0A300DF8AB3 /* favicon.ico */,
				42690B622216D0A300DF8AB3 /* favicon.png */,
				42690B602216CCC400DF8AB3 /* index.html */,
			);
			path = Static;
			sourceTree = "<group>";
		};
		42ADBA382229664000F39D4C /* Meta */ = {
			isa = PBXGroup;
			children = (
				425A178121EFC86700C57D44 /* Info.plist */,
				425A177621EFC86600C57D44 /* Joof.entitlements */,
			);
			name = Meta;
			sourceTree = "<group>";
		};
/* End PBXGroup section */

/* Begin PBXNativeTarget section */
		425A177221EFC86500C57D44 /* Joof */ = {
			isa = PBXNativeTarget;
			buildConfigurationList = 425A17B721EFC86700C57D44 /* Build configuration list for PBXNativeTarget "Joof" */;
			buildPhases = (
				42E5023622174721009A6253 /* Lint */,
				425A176F21EFC86500C57D44 /* Sources */,
				425A177021EFC86500C57D44 /* Frameworks */,
				425A177121EFC86500C57D44 /* Resources */,
				425A17B621EFC86700C57D44 /* Embed App Extensions */,
				428B7C4721F1FAE80065EE2B /* Carthage: Copy frameworks */,
				425A17D521F0CCD000C57D44 /* Embed Frameworks */,
				429543DF21F26864007EBAF3 /* LaunchAtLogin: Copy helper */,
				42012E0822273222001F5F4F /* Upload DSYM to Sentry */,
			);
			buildRules = (
			);
			dependencies = (
				425A179F21EFC86700C57D44 /* PBXTargetDependency */,
			);
			name = Joof;
			productName = Joof;
			productReference = 425A177321EFC86500C57D44 /* Joof.app */;
			productType = "com.apple.product-type.application";
		};
		425A178521EFC86700C57D44 /* JoofTests */ = {
			isa = PBXNativeTarget;
			buildConfigurationList = 425A17BA21EFC86700C57D44 /* Build configuration list for PBXNativeTarget "JoofTests" */;
			buildPhases = (
				425A178221EFC86700C57D44 /* Sources */,
				425A178321EFC86700C57D44 /* Frameworks */,
				425A178421EFC86700C57D44 /* Resources */,
			);
			buildRules = (
			);
			dependencies = (
				425A178821EFC86700C57D44 /* PBXTargetDependency */,
			);
			name = JoofTests;
			productName = JoofTests;
			productReference = 425A178621EFC86700C57D44 /* JoofTests.xctest */;
			productType = "com.apple.product-type.bundle.unit-test";
		};
		425A179021EFC86700C57D44 /* JoofUITests */ = {
			isa = PBXNativeTarget;
			buildConfigurationList = 425A17BD21EFC86700C57D44 /* Build configuration list for PBXNativeTarget "JoofUITests" */;
			buildPhases = (
				425A178D21EFC86700C57D44 /* Sources */,
				425A178E21EFC86700C57D44 /* Frameworks */,
				425A178F21EFC86700C57D44 /* Resources */,
			);
			buildRules = (
			);
			dependencies = (
				425A179321EFC86700C57D44 /* PBXTargetDependency */,
			);
			name = JoofUITests;
			productName = JoofUITests;
			productReference = 425A179121EFC86700C57D44 /* JoofUITests.xctest */;
			productType = "com.apple.product-type.bundle.ui-testing";
		};
		425A179B21EFC86700C57D44 /* Joof Extension */ = {
			isa = PBXNativeTarget;
			buildConfigurationList = 425A17B321EFC86700C57D44 /* Build configuration list for PBXNativeTarget "Joof Extension" */;
			buildPhases = (
				425A179821EFC86700C57D44 /* Sources */,
				425A179921EFC86700C57D44 /* Frameworks */,
				425A179A21EFC86700C57D44 /* Resources */,
			);
			buildRules = (
			);
			dependencies = (
			);
			name = "Joof Extension";
			productName = "Joof Extension";
			productReference = 425A179C21EFC86700C57D44 /* Joof.appex */;
			productType = "com.apple.product-type.app-extension";
		};
/* End PBXNativeTarget section */

/* Begin PBXProject section */
		425A176B21EFC86500C57D44 /* Project object */ = {
			isa = PBXProject;
			attributes = {
				LastSwiftUpdateCheck = 1010;
				LastUpgradeCheck = 1100;
				ORGANIZATIONNAME = Brainbow;
				TargetAttributes = {
					425A177221EFC86500C57D44 = {
						CreatedOnToolsVersion = 10.1;
						LastSwiftMigration = 1020;
						SystemCapabilities = {
							com.apple.ApplicationGroups.Mac = {
								enabled = 0;
							};
							com.apple.HardenedRuntime = {
								enabled = 1;
							};
							com.apple.Sandbox = {
								enabled = 1;
							};
						};
					};
					425A178521EFC86700C57D44 = {
						CreatedOnToolsVersion = 10.1;
						LastSwiftMigration = 1020;
						TestTargetID = 425A177221EFC86500C57D44;
					};
					425A179021EFC86700C57D44 = {
						CreatedOnToolsVersion = 10.1;
						LastSwiftMigration = 1020;
						TestTargetID = 425A177221EFC86500C57D44;
					};
					425A179B21EFC86700C57D44 = {
						CreatedOnToolsVersion = 10.1;
						LastSwiftMigration = 1020;
						SystemCapabilities = {
							com.apple.ApplicationGroups.Mac = {
								enabled = 0;
							};
							com.apple.HardenedRuntime = {
								enabled = 1;
							};
						};
					};
				};
			};
			buildConfigurationList = 425A176E21EFC86500C57D44 /* Build configuration list for PBXProject "Joof" */;
			compatibilityVersion = "Xcode 9.3";
			developmentRegion = en;
			hasScannedForEncodings = 0;
			knownRegions = (
				en,
				Base,
			);
			mainGroup = 425A176A21EFC86500C57D44;
			productRefGroup = 425A177421EFC86500C57D44 /* Products */;
			projectDirPath = "";
			projectRoot = "";
			targets = (
				425A177221EFC86500C57D44 /* Joof */,
				425A178521EFC86700C57D44 /* JoofTests */,
				425A179021EFC86700C57D44 /* JoofUITests */,
				425A179B21EFC86700C57D44 /* Joof Extension */,
			);
		};
/* End PBXProject section */

/* Begin PBXResourcesBuildPhase section */
		425A177121EFC86500C57D44 /* Resources */ = {
			isa = PBXResourcesBuildPhase;
			buildActionMask = 2147483647;
			files = (
				423D94FA224C1DED0079CEFE /* joof.csr.conf in Resources */,
				42690B612216CCC400DF8AB3 /* index.html in Resources */,
				423D9500224C2CC00079CEFE /* rootCA.csr.conf in Resources */,
				429543F321F51225007EBAF3 /* GeneralPreferencesViewController.xib in Resources */,
				42690B642216D0A300DF8AB3 /* favicon.png in Resources */,
				423D94F6224C1DED0079CEFE /* gen_cert.sh in Resources */,
				425A177721EFC86600C57D44 /* Joof.entitlements in Resources */,
				425A178021EFC86700C57D44 /* Assets.xcassets in Resources */,
				425A177C21EFC86600C57D44 /* Main.storyboard in Resources */,
				423D94FE224C1DED0079CEFE /* v3.ext in Resources */,
				42690B652216D0A300DF8AB3 /* favicon.ico in Resources */,
			);
			runOnlyForDeploymentPostprocessing = 0;
		};
		425A178421EFC86700C57D44 /* Resources */ = {
			isa = PBXResourcesBuildPhase;
			buildActionMask = 2147483647;
			files = (
				425A17CA21EFD54F00C57D44 /* global.js in Resources */,
			);
			runOnlyForDeploymentPostprocessing = 0;
		};
		425A178F21EFC86700C57D44 /* Resources */ = {
			isa = PBXResourcesBuildPhase;
			buildActionMask = 2147483647;
			files = (
			);
			runOnlyForDeploymentPostprocessing = 0;
		};
		425A179A21EFC86700C57D44 /* Resources */ = {
			isa = PBXResourcesBuildPhase;
			buildActionMask = 2147483647;
			files = (
				42690B5F2216AC7C00DF8AB3 /* ToolbarItemIcon.pdf in Resources */,
				425A17AD21EFC86700C57D44 /* script.js in Resources */,
			);
			runOnlyForDeploymentPostprocessing = 0;
		};
/* End PBXResourcesBuildPhase section */

/* Begin PBXShellScriptBuildPhase section */
		42012E0822273222001F5F4F /* Upload DSYM to Sentry */ = {
			isa = PBXShellScriptBuildPhase;
			buildActionMask = 2147483647;
			files = (
			);
			inputFileListPaths = (
			);
			inputPaths = (
			);
			name = "Upload DSYM to Sentry";
			outputFileListPaths = (
			);
			outputPaths = (
			);
			runOnlyForDeploymentPostprocessing = 0;
			shellPath = /bin/sh;
			shellScript = "if [ \"${CONFIGURATION}\" != \"Release\" ]; then\n    exit 0\nfi\n\nif which sentry-cli >/dev/null; then\n    export SENTRY_ORG=brainbow\n    export SENTRY_PROJECT=joofapp\n    export SENTRY_AUTH_TOKEN=\"27b17a4769dc45f7bf42df5b08a1c1a98442d83e133143c996e9dcf8903e9e29\"\n    ERROR=$(sentry-cli upload-dif \"$DWARF_DSYM_FOLDER_PATH\" 2>&1 >/dev/null)\n    if [ ! $? -eq 0 ]; then\n        echo \"warning: sentry-cli - $ERROR\"\n    fi\nelse\n    echo \"warning: sentry-cli not installed, download from https://github.com/getsentry/sentry-cli/releases\"\nfi\n";
		};
		428B7C4721F1FAE80065EE2B /* Carthage: Copy frameworks */ = {
			isa = PBXShellScriptBuildPhase;
			buildActionMask = 2147483647;
			files = (
			);
			inputFileListPaths = (
			);
			inputPaths = (
			);
			name = "Carthage: Copy frameworks";
			outputFileListPaths = (
			);
			outputPaths = (
			);
			runOnlyForDeploymentPostprocessing = 0;
			shellPath = /bin/sh;
			shellScript = "/usr/local/bin/carthage copy-frameworks\n";
		};
		429543DF21F26864007EBAF3 /* LaunchAtLogin: Copy helper */ = {
			isa = PBXShellScriptBuildPhase;
			buildActionMask = 2147483647;
			files = (
			);
			inputFileListPaths = (
			);
			inputPaths = (
			);
			name = "LaunchAtLogin: Copy helper";
			outputFileListPaths = (
			);
			outputPaths = (
			);
			runOnlyForDeploymentPostprocessing = 0;
			shellPath = /bin/sh;
			shellScript = "# Type a script or drag a script file from your workspace to insert its path.\n\"${PROJECT_DIR}/Carthage/Build/Mac/LaunchAtLogin.framework/Resources/copy-helper.sh\"\n";
		};
		42E5023622174721009A6253 /* Lint */ = {
			isa = PBXShellScriptBuildPhase;
			buildActionMask = 2147483647;
			files = (
			);
			inputFileListPaths = (
			);
			inputPaths = (
			);
			name = Lint;
			outputFileListPaths = (
			);
			outputPaths = (
			);
			runOnlyForDeploymentPostprocessing = 0;
			shellPath = /bin/sh;
			shellScript = "echo 'No lint'\nexit 0\n\nif which swiftlint >/dev/null; then\n    swiftlint autocorrect\n    swiftlint\nelse\n    echo \"warning: SwiftLint not installed, download from https://github.com/realm/SwiftLint\"\nfi\n";
		};
/* End PBXShellScriptBuildPhase section */

/* Begin PBXSourcesBuildPhase section */
		425A176F21EFC86500C57D44 /* Sources */ = {
			isa = PBXSourcesBuildPhase;
			buildActionMask = 2147483647;
			files = (
				421FDA0A21F513EB004BDB68 /* Defaults.swift in Sources */,
				429543EF21F50D4F007EBAF3 /* GeneralPreferencesViewController.swift in Sources */,
				425A17F821F1F6BF00C57D44 /* StatusLightView.swift in Sources */,
				425A177921EFC86600C57D44 /* AppDelegate.swift in Sources */,
				42690B5B2216019100DF8AB3 /* JoofCertificate.swift in Sources */,
				425A17D021F08BED00C57D44 /* Taste.swift in Sources */,
				425A17EC21F1C1AF00C57D44 /* Server.swift in Sources */,
				429543E121F27387007EBAF3 /* Bookmark.swift in Sources */,
				425A17CE21F0875300C57D44 /* Store.swift in Sources */,
			);
			runOnlyForDeploymentPostprocessing = 0;
		};
		425A178221EFC86700C57D44 /* Sources */ = {
			isa = PBXSourcesBuildPhase;
			buildActionMask = 2147483647;
			files = (
				425A178B21EFC86700C57D44 /* JoofTests.swift in Sources */,
			);
			runOnlyForDeploymentPostprocessing = 0;
		};
		425A178D21EFC86700C57D44 /* Sources */ = {
			isa = PBXSourcesBuildPhase;
			buildActionMask = 2147483647;
			files = (
				425A179621EFC86700C57D44 /* JoofUITests.swift in Sources */,
			);
			runOnlyForDeploymentPostprocessing = 0;
		};
		425A179821EFC86700C57D44 /* Sources */ = {
			isa = PBXSourcesBuildPhase;
			buildActionMask = 2147483647;
			files = (
				425A17A521EFC86700C57D44 /* SafariExtensionHandler.swift in Sources */,
			);
			runOnlyForDeploymentPostprocessing = 0;
		};
/* End PBXSourcesBuildPhase section */

/* Begin PBXTargetDependency section */
		425A178821EFC86700C57D44 /* PBXTargetDependency */ = {
			isa = PBXTargetDependency;
			target = 425A177221EFC86500C57D44 /* Joof */;
			targetProxy = 425A178721EFC86700C57D44 /* PBXContainerItemProxy */;
		};
		425A179321EFC86700C57D44 /* PBXTargetDependency */ = {
			isa = PBXTargetDependency;
			target = 425A177221EFC86500C57D44 /* Joof */;
			targetProxy = 425A179221EFC86700C57D44 /* PBXContainerItemProxy */;
		};
		425A179F21EFC86700C57D44 /* PBXTargetDependency */ = {
			isa = PBXTargetDependency;
			target = 425A179B21EFC86700C57D44 /* Joof Extension */;
			targetProxy = 425A179E21EFC86700C57D44 /* PBXContainerItemProxy */;
		};
/* End PBXTargetDependency section */

/* Begin PBXVariantGroup section */
		425A177A21EFC86600C57D44 /* Main.storyboard */ = {
			isa = PBXVariantGroup;
			children = (
				425A177B21EFC86600C57D44 /* Base */,
			);
			name = Main.storyboard;
			sourceTree = "<group>";
		};
/* End PBXVariantGroup section */

/* Begin XCBuildConfiguration section */
		425A17B121EFC86700C57D44 /* Debug */ = {
			isa = XCBuildConfiguration;
			buildSettings = {
				ALWAYS_SEARCH_USER_PATHS = NO;
				CLANG_ANALYZER_NONNULL = YES;
				CLANG_ANALYZER_NUMBER_OBJECT_CONVERSION = YES_AGGRESSIVE;
				CLANG_CXX_LANGUAGE_STANDARD = "gnu++14";
				CLANG_CXX_LIBRARY = "libc++";
				CLANG_ENABLE_MODULES = YES;
				CLANG_ENABLE_OBJC_ARC = YES;
				CLANG_ENABLE_OBJC_WEAK = YES;
				CLANG_WARN_BLOCK_CAPTURE_AUTORELEASING = YES;
				CLANG_WARN_BOOL_CONVERSION = YES;
				CLANG_WARN_COMMA = YES;
				CLANG_WARN_CONSTANT_CONVERSION = YES;
				CLANG_WARN_DEPRECATED_OBJC_IMPLEMENTATIONS = YES;
				CLANG_WARN_DIRECT_OBJC_ISA_USAGE = YES_ERROR;
				CLANG_WARN_DOCUMENTATION_COMMENTS = YES;
				CLANG_WARN_EMPTY_BODY = YES;
				CLANG_WARN_ENUM_CONVERSION = YES;
				CLANG_WARN_INFINITE_RECURSION = YES;
				CLANG_WARN_INT_CONVERSION = YES;
				CLANG_WARN_NON_LITERAL_NULL_CONVERSION = YES;
				CLANG_WARN_OBJC_IMPLICIT_RETAIN_SELF = YES;
				CLANG_WARN_OBJC_LITERAL_CONVERSION = YES;
				CLANG_WARN_OBJC_ROOT_CLASS = YES_ERROR;
				CLANG_WARN_RANGE_LOOP_ANALYSIS = YES;
				CLANG_WARN_STRICT_PROTOTYPES = YES;
				CLANG_WARN_SUSPICIOUS_MOVE = YES;
				CLANG_WARN_UNGUARDED_AVAILABILITY = YES_AGGRESSIVE;
				CLANG_WARN_UNREACHABLE_CODE = YES;
				CLANG_WARN__DUPLICATE_METHOD_MATCH = YES;
				CODE_SIGN_IDENTITY = "Mac Developer";
				COPY_PHASE_STRIP = NO;
				DEBUG_INFORMATION_FORMAT = dwarf;
				ENABLE_STRICT_OBJC_MSGSEND = YES;
				ENABLE_TESTABILITY = YES;
				GCC_C_LANGUAGE_STANDARD = gnu11;
				GCC_DYNAMIC_NO_PIC = NO;
				GCC_NO_COMMON_BLOCKS = YES;
				GCC_OPTIMIZATION_LEVEL = 0;
				GCC_PREPROCESSOR_DEFINITIONS = (
					"DEBUG=1",
					"$(inherited)",
				);
				GCC_WARN_64_TO_32_BIT_CONVERSION = YES;
				GCC_WARN_ABOUT_RETURN_TYPE = YES_ERROR;
				GCC_WARN_UNDECLARED_SELECTOR = YES;
				GCC_WARN_UNINITIALIZED_AUTOS = YES_AGGRESSIVE;
				GCC_WARN_UNUSED_FUNCTION = YES;
				GCC_WARN_UNUSED_VARIABLE = YES;
				MACOSX_DEPLOYMENT_TARGET = 10.14;
				MTL_ENABLE_DEBUG_INFO = INCLUDE_SOURCE;
				MTL_FAST_MATH = YES;
				ONLY_ACTIVE_ARCH = YES;
				SDKROOT = macosx;
				SWIFT_ACTIVE_COMPILATION_CONDITIONS = DEBUG;
				SWIFT_OPTIMIZATION_LEVEL = "-Onone";
			};
			name = Debug;
		};
		425A17B221EFC86700C57D44 /* Release */ = {
			isa = XCBuildConfiguration;
			buildSettings = {
				ALWAYS_SEARCH_USER_PATHS = NO;
				CLANG_ANALYZER_NONNULL = YES;
				CLANG_ANALYZER_NUMBER_OBJECT_CONVERSION = YES_AGGRESSIVE;
				CLANG_CXX_LANGUAGE_STANDARD = "gnu++14";
				CLANG_CXX_LIBRARY = "libc++";
				CLANG_ENABLE_MODULES = YES;
				CLANG_ENABLE_OBJC_ARC = YES;
				CLANG_ENABLE_OBJC_WEAK = YES;
				CLANG_WARN_BLOCK_CAPTURE_AUTORELEASING = YES;
				CLANG_WARN_BOOL_CONVERSION = YES;
				CLANG_WARN_COMMA = YES;
				CLANG_WARN_CONSTANT_CONVERSION = YES;
				CLANG_WARN_DEPRECATED_OBJC_IMPLEMENTATIONS = YES;
				CLANG_WARN_DIRECT_OBJC_ISA_USAGE = YES_ERROR;
				CLANG_WARN_DOCUMENTATION_COMMENTS = YES;
				CLANG_WARN_EMPTY_BODY = YES;
				CLANG_WARN_ENUM_CONVERSION = YES;
				CLANG_WARN_INFINITE_RECURSION = YES;
				CLANG_WARN_INT_CONVERSION = YES;
				CLANG_WARN_NON_LITERAL_NULL_CONVERSION = YES;
				CLANG_WARN_OBJC_IMPLICIT_RETAIN_SELF = YES;
				CLANG_WARN_OBJC_LITERAL_CONVERSION = YES;
				CLANG_WARN_OBJC_ROOT_CLASS = YES_ERROR;
				CLANG_WARN_RANGE_LOOP_ANALYSIS = YES;
				CLANG_WARN_STRICT_PROTOTYPES = YES;
				CLANG_WARN_SUSPICIOUS_MOVE = YES;
				CLANG_WARN_UNGUARDED_AVAILABILITY = YES_AGGRESSIVE;
				CLANG_WARN_UNREACHABLE_CODE = YES;
				CLANG_WARN__DUPLICATE_METHOD_MATCH = YES;
				CODE_SIGN_IDENTITY = "Mac Developer";
				COPY_PHASE_STRIP = NO;
				DEBUG_INFORMATION_FORMAT = "dwarf-with-dsym";
				ENABLE_NS_ASSERTIONS = NO;
				ENABLE_STRICT_OBJC_MSGSEND = YES;
				GCC_C_LANGUAGE_STANDARD = gnu11;
				GCC_NO_COMMON_BLOCKS = YES;
				GCC_WARN_64_TO_32_BIT_CONVERSION = YES;
				GCC_WARN_ABOUT_RETURN_TYPE = YES_ERROR;
				GCC_WARN_UNDECLARED_SELECTOR = YES;
				GCC_WARN_UNINITIALIZED_AUTOS = YES_AGGRESSIVE;
				GCC_WARN_UNUSED_FUNCTION = YES;
				GCC_WARN_UNUSED_VARIABLE = YES;
				MACOSX_DEPLOYMENT_TARGET = 10.14;
				MTL_ENABLE_DEBUG_INFO = NO;
				MTL_FAST_MATH = YES;
				SDKROOT = macosx;
				SWIFT_COMPILATION_MODE = wholemodule;
				SWIFT_OPTIMIZATION_LEVEL = "-O";
			};
			name = Release;
		};
		425A17B421EFC86700C57D44 /* Debug */ = {
			isa = XCBuildConfiguration;
			buildSettings = {
				CODE_SIGN_ENTITLEMENTS = "Joof Extension/Joof_Extension.entitlements";
				CODE_SIGN_IDENTITY = "Apple Development";
				CODE_SIGN_STYLE = Automatic;
				DEVELOPMENT_TEAM = DDB8SQMXS9;
				ENABLE_HARDENED_RUNTIME = YES;
				INFOPLIST_FILE = "Joof Extension/Info.plist";
				LD_RUNPATH_SEARCH_PATHS = (
					"$(inherited)",
					"@executable_path/../Frameworks",
					"@executable_path/../../../../Frameworks",
				);
				MACOSX_DEPLOYMENT_TARGET = 10.13;
				PRODUCT_BUNDLE_IDENTIFIER = com.brnbw.Joof.extension;
				PRODUCT_MODULE_NAME = Joof_Extension;
				PRODUCT_NAME = Joof;
				PROVISIONING_PROFILE_SPECIFIER = "";
				SKIP_INSTALL = YES;
				SWIFT_VERSION = 5.0;
			};
			name = Debug;
		};
		425A17B521EFC86700C57D44 /* Release */ = {
			isa = XCBuildConfiguration;
			buildSettings = {
				CODE_SIGN_ENTITLEMENTS = "Joof Extension/Joof_Extension.entitlements";
				CODE_SIGN_IDENTITY = "Apple Development";
				CODE_SIGN_STYLE = Automatic;
				DEVELOPMENT_TEAM = DDB8SQMXS9;
				ENABLE_HARDENED_RUNTIME = YES;
				INFOPLIST_FILE = "Joof Extension/Info.plist";
				LD_RUNPATH_SEARCH_PATHS = (
					"$(inherited)",
					"@executable_path/../Frameworks",
					"@executable_path/../../../../Frameworks",
				);
				MACOSX_DEPLOYMENT_TARGET = 10.13;
				PRODUCT_BUNDLE_IDENTIFIER = com.brnbw.Joof.extension;
				PRODUCT_MODULE_NAME = Joof_Extension;
				PRODUCT_NAME = Joof;
				PROVISIONING_PROFILE_SPECIFIER = "";
				SKIP_INSTALL = YES;
				SWIFT_VERSION = 5.0;
			};
			name = Release;
		};
		425A17B821EFC86700C57D44 /* Debug */ = {
			isa = XCBuildConfiguration;
			buildSettings = {
				ALWAYS_EMBED_SWIFT_STANDARD_LIBRARIES = YES;
				ASSETCATALOG_COMPILER_APPICON_NAME = AppIcon;
				CODE_SIGN_ENTITLEMENTS = Joof/Joof.entitlements;
				CODE_SIGN_IDENTITY = "Apple Development";
				CODE_SIGN_STYLE = Automatic;
				COMBINE_HIDPI_IMAGES = YES;
				DEBUG_INFORMATION_FORMAT = "dwarf-with-dsym";
				DEVELOPMENT_TEAM = DDB8SQMXS9;
				ENABLE_HARDENED_RUNTIME = YES;
				FRAMEWORK_SEARCH_PATHS = (
					"$(inherited)",
					"$(PROJECT_DIR)/Carthage/Build/Mac",
					"$(PROJECT_DIR)",
				);
				INFOPLIST_FILE = Joof/Info.plist;
				LD_RUNPATH_SEARCH_PATHS = (
					"$(inherited)",
					"@executable_path/../Frameworks",
				);
				MACOSX_DEPLOYMENT_TARGET = 10.13;
				PRODUCT_BUNDLE_IDENTIFIER = com.brnbw.Joof;
				PRODUCT_NAME = "$(TARGET_NAME)";
				PROVISIONING_PROFILE_SPECIFIER = "";
				SWIFT_VERSION = 5.0;
			};
			name = Debug;
		};
		425A17B921EFC86700C57D44 /* Release */ = {
			isa = XCBuildConfiguration;
			buildSettings = {
				ALWAYS_EMBED_SWIFT_STANDARD_LIBRARIES = YES;
				ASSETCATALOG_COMPILER_APPICON_NAME = AppIcon;
				CODE_SIGN_ENTITLEMENTS = Joof/Joof.entitlements;
				CODE_SIGN_IDENTITY = "Apple Development";
				CODE_SIGN_STYLE = Automatic;
				COMBINE_HIDPI_IMAGES = YES;
				DEVELOPMENT_TEAM = DDB8SQMXS9;
				ENABLE_HARDENED_RUNTIME = YES;
				FRAMEWORK_SEARCH_PATHS = (
					"$(inherited)",
					"$(PROJECT_DIR)/Carthage/Build/Mac",
					"$(PROJECT_DIR)",
				);
				INFOPLIST_FILE = Joof/Info.plist;
				LD_RUNPATH_SEARCH_PATHS = (
					"$(inherited)",
					"@executable_path/../Frameworks",
				);
				MACOSX_DEPLOYMENT_TARGET = 10.13;
				PRODUCT_BUNDLE_IDENTIFIER = com.brnbw.Joof;
				PRODUCT_NAME = "$(TARGET_NAME)";
				PROVISIONING_PROFILE_SPECIFIER = "";
				SWIFT_VERSION = 5.0;
			};
			name = Release;
		};
		425A17BB21EFC86700C57D44 /* Debug */ = {
			isa = XCBuildConfiguration;
			buildSettings = {
				ALWAYS_EMBED_SWIFT_STANDARD_LIBRARIES = YES;
				BUNDLE_LOADER = "$(TEST_HOST)";
				CODE_SIGN_STYLE = Automatic;
				COMBINE_HIDPI_IMAGES = YES;
				DEVELOPMENT_TEAM = DDB8SQMXS9;
				INFOPLIST_FILE = JoofTests/Info.plist;
				LD_RUNPATH_SEARCH_PATHS = (
					"$(inherited)",
					"@executable_path/../Frameworks",
					"@loader_path/../Frameworks",
				);
				PRODUCT_BUNDLE_IDENTIFIER = com.brnbw.JoofTests;
				PRODUCT_NAME = "$(TARGET_NAME)";
				SWIFT_VERSION = 5.0;
				TEST_HOST = "$(BUILT_PRODUCTS_DIR)/Joof.app/Contents/MacOS/Joof";
			};
			name = Debug;
		};
		425A17BC21EFC86700C57D44 /* Release */ = {
			isa = XCBuildConfiguration;
			buildSettings = {
				ALWAYS_EMBED_SWIFT_STANDARD_LIBRARIES = YES;
				BUNDLE_LOADER = "$(TEST_HOST)";
				CODE_SIGN_STYLE = Automatic;
				COMBINE_HIDPI_IMAGES = YES;
				DEVELOPMENT_TEAM = DDB8SQMXS9;
				INFOPLIST_FILE = JoofTests/Info.plist;
				LD_RUNPATH_SEARCH_PATHS = (
					"$(inherited)",
					"@executable_path/../Frameworks",
					"@loader_path/../Frameworks",
				);
				PRODUCT_BUNDLE_IDENTIFIER = com.brnbw.JoofTests;
				PRODUCT_NAME = "$(TARGET_NAME)";
				SWIFT_VERSION = 5.0;
				TEST_HOST = "$(BUILT_PRODUCTS_DIR)/Joof.app/Contents/MacOS/Joof";
			};
			name = Release;
		};
		425A17BE21EFC86700C57D44 /* Debug */ = {
			isa = XCBuildConfiguration;
			buildSettings = {
				ALWAYS_EMBED_SWIFT_STANDARD_LIBRARIES = YES;
				CODE_SIGN_STYLE = Automatic;
				COMBINE_HIDPI_IMAGES = YES;
				DEVELOPMENT_TEAM = DDB8SQMXS9;
				INFOPLIST_FILE = JoofUITests/Info.plist;
				LD_RUNPATH_SEARCH_PATHS = (
					"$(inherited)",
					"@executable_path/../Frameworks",
					"@loader_path/../Frameworks",
				);
				PRODUCT_BUNDLE_IDENTIFIER = com.brnbw.JoofUITests;
				PRODUCT_NAME = "$(TARGET_NAME)";
				SWIFT_VERSION = 5.0;
				TEST_TARGET_NAME = Joof;
			};
			name = Debug;
		};
		425A17BF21EFC86700C57D44 /* Release */ = {
			isa = XCBuildConfiguration;
			buildSettings = {
				ALWAYS_EMBED_SWIFT_STANDARD_LIBRARIES = YES;
				CODE_SIGN_STYLE = Automatic;
				COMBINE_HIDPI_IMAGES = YES;
				DEVELOPMENT_TEAM = DDB8SQMXS9;
				INFOPLIST_FILE = JoofUITests/Info.plist;
				LD_RUNPATH_SEARCH_PATHS = (
					"$(inherited)",
					"@executable_path/../Frameworks",
					"@loader_path/../Frameworks",
				);
				PRODUCT_BUNDLE_IDENTIFIER = com.brnbw.JoofUITests;
				PRODUCT_NAME = "$(TARGET_NAME)";
				SWIFT_VERSION = 5.0;
				TEST_TARGET_NAME = Joof;
			};
			name = Release;
		};
/* End XCBuildConfiguration section */

/* Begin XCConfigurationList section */
		425A176E21EFC86500C57D44 /* Build configuration list for PBXProject "Joof" */ = {
			isa = XCConfigurationList;
			buildConfigurations = (
				425A17B121EFC86700C57D44 /* Debug */,
				425A17B221EFC86700C57D44 /* Release */,
			);
			defaultConfigurationIsVisible = 0;
			defaultConfigurationName = Release;
		};
		425A17B321EFC86700C57D44 /* Build configuration list for PBXNativeTarget "Joof Extension" */ = {
			isa = XCConfigurationList;
			buildConfigurations = (
				425A17B421EFC86700C57D44 /* Debug */,
				425A17B521EFC86700C57D44 /* Release */,
			);
			defaultConfigurationIsVisible = 0;
			defaultConfigurationName = Release;
		};
		425A17B721EFC86700C57D44 /* Build configuration list for PBXNativeTarget "Joof" */ = {
			isa = XCConfigurationList;
			buildConfigurations = (
				425A17B821EFC86700C57D44 /* Debug */,
				425A17B921EFC86700C57D44 /* Release */,
			);
			defaultConfigurationIsVisible = 0;
			defaultConfigurationName = Release;
		};
		425A17BA21EFC86700C57D44 /* Build configuration list for PBXNativeTarget "JoofTests" */ = {
			isa = XCConfigurationList;
			buildConfigurations = (
				425A17BB21EFC86700C57D44 /* Debug */,
				425A17BC21EFC86700C57D44 /* Release */,
			);
			defaultConfigurationIsVisible = 0;
			defaultConfigurationName = Release;
		};
		425A17BD21EFC86700C57D44 /* Build configuration list for PBXNativeTarget "JoofUITests" */ = {
			isa = XCConfigurationList;
			buildConfigurations = (
				425A17BE21EFC86700C57D44 /* Debug */,
				425A17BF21EFC86700C57D44 /* Release */,
			);
			defaultConfigurationIsVisible = 0;
			defaultConfigurationName = Release;
		};
/* End XCConfigurationList section */
	};
	rootObject = 425A176B21EFC86500C57D44 /* Project object */;
}
