{
  "object": {
    "pins": [
      {
        "package": "CocoaAsyncSocket",
        "repositoryURL": "https://github.com/robbiehanson/CocoaAsyncSocket.git",
        "state": {
          "branch": null,
          "revision": "0e00c967a010fc43ce528bd633d032f17158d393",
          "version": "7.6.4"
        }
      },
      {
        "package": "Defaults",
        "repositoryURL": "git@github.com:sindresorhus/Defaults.git",
        "state": {
          "branch": null,
          "revision": "d98119fee49c893fae553103a8659ffe003b6cfe",
          "version": "4.1.0"
        }
      },
      {
        "package": "HTTPParserC",
        "repositoryURL": "https://github.com/Building42/HTTPParserC.git",
        "state": {
          "branch": null,
          "revision": "6fa23997359a65eccfc06808ab85f2e121a84290",
          "version": "2.9.2"
        }
      },
      {
        "package": "LaunchAtLogin",
        "repositoryURL": "https://github.com/sindresorhus/LaunchAtLogin",
        "state": {
          "branch": null,
          "revision": "0f39982b9d6993eef253b81219d3c39ba1e680f3",
          "version": "4.0.0"
        }
      },
      {
        "package": "Preferences",
        "repositoryURL": "https://github.com/sindresorhus/Preferences",
        "state": {
          "branch": null,
          "revision": "ad69881dc060cd590d3edfb84c7cc444d87e280a",
          "version": "2.1.0"
        }
      },
      {
        "package": "Regex",
        "repositoryURL": "git@github.com:crossroadlabs/Regex.git",
        "state": {
          "branch": null,
          "revision": "166728756082a9cac6e4aed3ebbce8e41cb3a945",
          "version": "1.2.0"
        }
      },
      {
        "package": "Sentry",
        "repositoryURL": "https://github.com/getsentry/sentry-cocoa.git",
        "state": {
          "branch": null,
          "revision": "d27b7331c867421b0de697c0b8ad9eb99a3acd46",
          "version": "6.0.10"
        }
      },
      {
        "package": "Telegraph",
        "repositoryURL": "https://github.com/Building42/Telegraph.git",
        "state": {
          "branch": null,
          "revision": "9c3d479a46624e4a8d5267898324b4716a42ba3e",
          "version": "0.28.0"
        }
      }
    ]
  },
  "version": 1
}
