{
  "object": {
    "pins": [
      {
        "package": "Defaults",
        "repositoryURL": "git@github.com:sindresorhus/Defaults.git",
        "state": {
          "branch": null,
          "revision": "d98119fee49c893fae553103a8659ffe003b6cfe",
          "version": "4.1.0"
        }
      },
      {
        "package": "Preferences",
        "repositoryURL": "https://github.com/sindresorhus/Preferences.git",
        "state": {
          "branch": null,
          "revision": "dfb7457dc26891b0e9eb55d602f49c54b8e771fd",
          "version": "2.0.1"
        }
      },
      {
        "package": "Regex",
        "repositoryURL": "git@github.com:crossroadlabs/Regex.git",
        "state": {
          "branch": null,
          "revision": "166728756082a9cac6e4aed3ebbce8e41cb3a945",
          "version": "1.2.0"
        }
      },
      {
        "package": "Sentry",
        "repositoryURL": "https://github.com/getsentry/sentry-cocoa.git",
        "state": {
          "branch": null,
          "revision": "64eab3843f1d110848fbe09f1b7178f782256c84",
          "version": "5.2.1"
        }
      }
    ]
  },
  "version": 1
}
