{
  "object": {
    "pins": [
      {
        "package": "Defaults",
        "repositoryURL": "git@github.com:sindresorhus/Defaults.git",
        "state": {
          "branch": null,
          "revision": "d98119fee49c893fae553103a8659ffe003b6cfe",
          "version": "4.1.0"
        }
      },
      {
        "package": "LaunchAtLogin",
        "repositoryURL": "https://github.com/sindresorhus/LaunchAtLogin",
        "state": {
          "branch": null,
          "revision": "0f39982b9d6993eef253b81219d3c39ba1e680f3",
          "version": "4.0.0"
        }
      },
      {
        "package": "Preferences",
        "repositoryURL": "/Users/mikker/dev/vendor/Preferences",
        "state": {
          "branch": "bigsur",
          "revision": "462d352479eb84aa35a6813facd1988177bbb4ae",
          "version": null
        }
      },
      {
        "package": "Regex",
        "repositoryURL": "git@github.com:crossroadlabs/Regex.git",
        "state": {
          "branch": null,
          "revision": "166728756082a9cac6e4aed3ebbce8e41cb3a945",
          "version": "1.2.0"
        }
      },
      {
        "package": "Sentry",
        "repositoryURL": "https://github.com/getsentry/sentry-cocoa.git",
        "state": {
          "branch": null,
          "revision": "b5ac6e41913d26ef8637ceadf9c15bf8c4bf062c",
          "version": "6.0.6"
        }
      }
    ]
  },
  "version": 1
}
